
Microsoft Visual Studio Solution File, Format Version 12.00
# Visual Studio Version 16
VisualStudioVersion = 16.0.31112.23
MinimumVisualStudioVersion = 10.0.40219.1
Project("{FAE04EC0-301F-11D3-BF4B-00C04F79EFBC}") = "Teste", "Teste\Teste.csproj", "{76B2E953-051D-425D-99EC-C88FCF6D146E}"
EndProject
Global
	GlobalSection(SolutionConfigurationPlatforms) = preSolution
		Debug|Any CPU = Debug|Any CPU
		Release|Any CPU = Release|Any CPU
	EndGlobalSection
	GlobalSection(ProjectConfigurationPlatforms) = postSolution
		{76B2E953-051D-425D-99EC-C88FCF6D146E}.Debug|Any CPU.ActiveCfg = Debug|Any CPU
		{76B2E953-051D-425D-99EC-C88FCF6D146E}.Debug|Any CPU.Build.0 = Debug|Any CPU
		{76B2E953-051D-425D-99EC-C88FCF6D146E}.Release|Any CPU.ActiveCfg = Release|Any CPU
		{76B2E953-051D-425D-99EC-C88FCF6D146E}.Release|Any CPU.Build.0 = Release|Any CPU
	EndGlobalSection
	GlobalSection(SolutionProperties) = preSolution
		HideSolutionNode = FALSE
	EndGlobalSection
	GlobalSection(ExtensibilityGlobals) = postSolution
		SolutionGuid = {ADDBF7AD-D5B6-425B-9784-87400DF2C315}
	EndGlobalSection
EndGlobal
